
Microsoft Visual Studio Solution File, Format Version 12.00
# Visual Studio Version 17
VisualStudioVersion = 17.4.33110.190
MinimumVisualStudioVersion = 10.0.40219.1
Project("{FAE04EC0-301F-11D3-BF4B-00C04F79EFBC}") = "BmiProject", "BmiProject\BmiProject.csproj", "{F759F3E7-72C4-4321-92E4-FAC8580CEA55}"
EndProject
Project("{FAE04EC0-301F-11D3-BF4B-00C04F79EFBC}") = "BmiProject.GUI", "BmiProject.GUI\BmiProject.GUI.csproj", "{A9CF8087-E3CB-41D6-9FA5-1A710580311E}"
EndProject
Global
	GlobalSection(SolutionConfigurationPlatforms) = preSolution
		Debug|Any CPU = Debug|Any CPU
		Release|Any CPU = Release|Any CPU
	EndGlobalSection
	GlobalSection(ProjectConfigurationPlatforms) = postSolution
		{F759F3E7-72C4-4321-92E4-FAC8580CEA55}.Debug|Any CPU.ActiveCfg = Debug|Any CPU
		{F759F3E7-72C4-4321-92E4-FAC8580CEA55}.Debug|Any CPU.Build.0 = Debug|Any CPU
		{F759F3E7-72C4-4321-92E4-FAC8580CEA55}.Release|Any CPU.ActiveCfg = Release|Any CPU
		{F759F3E7-72C4-4321-92E4-FAC8580CEA55}.Release|Any CPU.Build.0 = Release|Any CPU
		{A9CF8087-E3CB-41D6-9FA5-1A710580311E}.Debug|Any CPU.ActiveCfg = Debug|Any CPU
		{A9CF8087-E3CB-41D6-9FA5-1A710580311E}.Debug|Any CPU.Build.0 = Debug|Any CPU
		{A9CF8087-E3CB-41D6-9FA5-1A710580311E}.Release|Any CPU.ActiveCfg = Release|Any CPU
		{A9CF8087-E3CB-41D6-9FA5-1A710580311E}.Release|Any CPU.Build.0 = Release|Any CPU
	EndGlobalSection
	GlobalSection(SolutionProperties) = preSolution
		HideSolutionNode = FALSE
	EndGlobalSection
	GlobalSection(ExtensibilityGlobals) = postSolution
		SolutionGuid = {1ECD2061-D87C-47D0-8788-8BD76BC3360F}
	EndGlobalSection
EndGlobal
